
Microsoft Visual Studio Solution File, Format Version 12.00
# Visual Studio Version 16
VisualStudioVersion = 16.0.29519.87
MinimumVisualStudioVersion = 10.0.40219.1
Project("{FAE04EC0-301F-11D3-BF4B-00C04F79EFBC}") = "LocalWebPConverter.ConsoleApplication", "LocalWebPConverter.ConsoleApplication\LocalWebPConverter.ConsoleApplication.csproj", "{58A217C0-6800-44DE-BF9E-70C6080DF518}"
EndProject
Global
	GlobalSection(SolutionConfigurationPlatforms) = preSolution
		Debug|Any CPU = Debug|Any CPU
		Release|Any CPU = Release|Any CPU
	EndGlobalSection
	GlobalSection(ProjectConfigurationPlatforms) = postSolution
		{58A217C0-6800-44DE-BF9E-70C6080DF518}.Debug|Any CPU.ActiveCfg = Debug|Any CPU
		{58A217C0-6800-44DE-BF9E-70C6080DF518}.Debug|Any CPU.Build.0 = Debug|Any CPU
		{58A217C0-6800-44DE-BF9E-70C6080DF518}.Release|Any CPU.ActiveCfg = Release|Any CPU
		{58A217C0-6800-44DE-BF9E-70C6080DF518}.Release|Any CPU.Build.0 = Release|Any CPU
	EndGlobalSection
	GlobalSection(SolutionProperties) = preSolution
		HideSolutionNode = FALSE
	EndGlobalSection
	GlobalSection(ExtensibilityGlobals) = postSolution
		SolutionGuid = {3056035A-0703-4FA9-A7B4-04D1C04D40A9}
	EndGlobalSection
EndGlobal
